
Microsoft Visual Studio Solution File, Format Version 12.00
# Visual Studio 15
VisualStudioVersion = 15.0.28010.2019
MinimumVisualStudioVersion = 10.0.40219.1
Project("{9A19103F-16F7-4668-BE54-9A1E7A4F7556}") = "EdgeLoggingService", "EdgeLoggingService\EdgeLoggingService.csproj", "{447A4837-4D0C-4471-B346-8321114AF628}"
EndProject
Project("{9A19103F-16F7-4668-BE54-9A1E7A4F7556}") = "EdgeLoggingServer", "EdgeLoggingServer\EdgeLoggingServer.csproj", "{EC8DE060-C895-4DDC-818F-AFA880FE6C8E}"
EndProject
Project("{2150E333-8FDC-42A3-9474-1A3956D46DE8}") = "Tests", "Tests", "{5A820F47-E22F-4A73-B178-268F80F87959}"
EndProject
Project("{2150E333-8FDC-42A3-9474-1A3956D46DE8}") = "LogModule.Core.Tests", "LogModule.Core.Tests", "{68EAC52F-82F1-4A1D-912F-FD64B38D9F08}"
EndProject
Project("{9A19103F-16F7-4668-BE54-9A1E7A4F7556}") = "LogModule.Core.Tests", "Tests\LogModule.Core.Tests\LogModule.Core.Tests.csproj", "{33CF2184-DA20-4AD8-B183-3A0A2B272730}"
EndProject
Global
	GlobalSection(SolutionConfigurationPlatforms) = preSolution
		Debug|Any CPU = Debug|Any CPU
		Release|Any CPU = Release|Any CPU
	EndGlobalSection
	GlobalSection(ProjectConfigurationPlatforms) = postSolution
		{447A4837-4D0C-4471-B346-8321114AF628}.Debug|Any CPU.ActiveCfg = Debug|Any CPU
		{447A4837-4D0C-4471-B346-8321114AF628}.Debug|Any CPU.Build.0 = Debug|Any CPU
		{447A4837-4D0C-4471-B346-8321114AF628}.Release|Any CPU.ActiveCfg = Release|Any CPU
		{447A4837-4D0C-4471-B346-8321114AF628}.Release|Any CPU.Build.0 = Release|Any CPU
		{EC8DE060-C895-4DDC-818F-AFA880FE6C8E}.Debug|Any CPU.ActiveCfg = Debug|Any CPU
		{EC8DE060-C895-4DDC-818F-AFA880FE6C8E}.Debug|Any CPU.Build.0 = Debug|Any CPU
		{EC8DE060-C895-4DDC-818F-AFA880FE6C8E}.Release|Any CPU.ActiveCfg = Release|Any CPU
		{EC8DE060-C895-4DDC-818F-AFA880FE6C8E}.Release|Any CPU.Build.0 = Release|Any CPU
		{33CF2184-DA20-4AD8-B183-3A0A2B272730}.Debug|Any CPU.ActiveCfg = Debug|Any CPU
		{33CF2184-DA20-4AD8-B183-3A0A2B272730}.Debug|Any CPU.Build.0 = Debug|Any CPU
		{33CF2184-DA20-4AD8-B183-3A0A2B272730}.Release|Any CPU.ActiveCfg = Release|Any CPU
		{33CF2184-DA20-4AD8-B183-3A0A2B272730}.Release|Any CPU.Build.0 = Release|Any CPU
	EndGlobalSection
	GlobalSection(SolutionProperties) = preSolution
		HideSolutionNode = FALSE
	EndGlobalSection
	GlobalSection(NestedProjects) = preSolution
		{68EAC52F-82F1-4A1D-912F-FD64B38D9F08} = {5A820F47-E22F-4A73-B178-268F80F87959}
		{33CF2184-DA20-4AD8-B183-3A0A2B272730} = {68EAC52F-82F1-4A1D-912F-FD64B38D9F08}
	EndGlobalSection
	GlobalSection(ExtensibilityGlobals) = postSolution
		SolutionGuid = {486BB603-7A46-4414-8E92-D4741B24E6F7}
	EndGlobalSection
EndGlobal
